
Microsoft Visual Studio Solution File, Format Version 12.00
# Visual Studio Version 17
VisualStudioVersion = 17.5.33516.290
MinimumVisualStudioVersion = 10.0.40219.1
Project("{2150E333-8FDC-42A3-9474-1A3956D46DE8}") = "Source", "Source", "{BD00E29F-298F-4112-BF3A-0EDFABA3A7BF}"
EndProject
Project("{FAE04EC0-301F-11D3-BF4B-00C04F79EFBC}") = "CA.Core", "CA.Core\CA.Core.csproj", "{3E951D58-91DF-4529-A485-D828E40EFD64}"
EndProject
Project("{FAE04EC0-301F-11D3-BF4B-00C04F79EFBC}") = "CA.Infrastructure", "CA.Infrastructure\CA.Infrastructure.csproj", "{DF7C441C-CF7F-485E-A9E1-14FD1DA54D7A}"
EndProject
Project("{FAE04EC0-301F-11D3-BF4B-00C04F79EFBC}") = "Prueba", "Prueba\Prueba.csproj", "{B77267C4-2FC5-4C49-8EF9-99BA1F5B2349}"
EndProject
Global
	GlobalSection(SolutionConfigurationPlatforms) = preSolution
		Debug|Any CPU = Debug|Any CPU
		Release|Any CPU = Release|Any CPU
	EndGlobalSection
	GlobalSection(ProjectConfigurationPlatforms) = postSolution
		{3E951D58-91DF-4529-A485-D828E40EFD64}.Debug|Any CPU.ActiveCfg = Debug|Any CPU
		{3E951D58-91DF-4529-A485-D828E40EFD64}.Debug|Any CPU.Build.0 = Debug|Any CPU
		{3E951D58-91DF-4529-A485-D828E40EFD64}.Release|Any CPU.ActiveCfg = Release|Any CPU
		{3E951D58-91DF-4529-A485-D828E40EFD64}.Release|Any CPU.Build.0 = Release|Any CPU
		{DF7C441C-CF7F-485E-A9E1-14FD1DA54D7A}.Debug|Any CPU.ActiveCfg = Debug|Any CPU
		{DF7C441C-CF7F-485E-A9E1-14FD1DA54D7A}.Debug|Any CPU.Build.0 = Debug|Any CPU
		{DF7C441C-CF7F-485E-A9E1-14FD1DA54D7A}.Release|Any CPU.ActiveCfg = Release|Any CPU
		{DF7C441C-CF7F-485E-A9E1-14FD1DA54D7A}.Release|Any CPU.Build.0 = Release|Any CPU
		{B77267C4-2FC5-4C49-8EF9-99BA1F5B2349}.Debug|Any CPU.ActiveCfg = Debug|Any CPU
		{B77267C4-2FC5-4C49-8EF9-99BA1F5B2349}.Debug|Any CPU.Build.0 = Debug|Any CPU
		{B77267C4-2FC5-4C49-8EF9-99BA1F5B2349}.Release|Any CPU.ActiveCfg = Release|Any CPU
		{B77267C4-2FC5-4C49-8EF9-99BA1F5B2349}.Release|Any CPU.Build.0 = Release|Any CPU
	EndGlobalSection
	GlobalSection(SolutionProperties) = preSolution
		HideSolutionNode = FALSE
	EndGlobalSection
	GlobalSection(NestedProjects) = preSolution
		{3E951D58-91DF-4529-A485-D828E40EFD64} = {BD00E29F-298F-4112-BF3A-0EDFABA3A7BF}
		{DF7C441C-CF7F-485E-A9E1-14FD1DA54D7A} = {BD00E29F-298F-4112-BF3A-0EDFABA3A7BF}
		{B77267C4-2FC5-4C49-8EF9-99BA1F5B2349} = {BD00E29F-298F-4112-BF3A-0EDFABA3A7BF}
	EndGlobalSection
	GlobalSection(ExtensibilityGlobals) = postSolution
		SolutionGuid = {4A0EC4B9-5CF0-4E33-8225-CE922FF78F50}
	EndGlobalSection
EndGlobal
